
Microsoft Visual Studio Solution File, Format Version 12.00
# Visual Studio Version 17
VisualStudioVersion = 17.13.35913.81
MinimumVisualStudioVersion = 10.0.40219.1
Project("{FAE04EC0-301F-11D3-BF4B-00C04F79EFBC}") = "CalculatorLibrary", "CalculatorLibrary\CalculatorLibrary.csproj", "{20FA8469-7614-412D-A895-1B88E2815AD1}"
EndProject
Project("{FAE04EC0-301F-11D3-BF4B-00C04F79EFBC}") = "CalculatorLibrary.Tests", "CalculatorLibrary.Tests\CalculatorLibrary.Tests.csproj", "{6477F5BA-82E0-4919-BDDF-60CD897F3E62}"
EndProject
Project("{2150E333-8FDC-42A3-9474-1A3956D46DE8}") = "Elementos de la solución", "Elementos de la solución", "{D107F4C8-89CC-BEA8-D3D7-CA6B7733353D}"
	ProjectSection(SolutionItems) = preProject
		..\README.md = ..\README.md
	EndProjectSection
EndProject
Global
	GlobalSection(SolutionConfigurationPlatforms) = preSolution
		Debug|Any CPU = Debug|Any CPU
		Release|Any CPU = Release|Any CPU
	EndGlobalSection
	GlobalSection(ProjectConfigurationPlatforms) = postSolution
		{20FA8469-7614-412D-A895-1B88E2815AD1}.Debug|Any CPU.ActiveCfg = Debug|Any CPU
		{20FA8469-7614-412D-A895-1B88E2815AD1}.Debug|Any CPU.Build.0 = Debug|Any CPU
		{20FA8469-7614-412D-A895-1B88E2815AD1}.Release|Any CPU.ActiveCfg = Release|Any CPU
		{20FA8469-7614-412D-A895-1B88E2815AD1}.Release|Any CPU.Build.0 = Release|Any CPU
		{6477F5BA-82E0-4919-BDDF-60CD897F3E62}.Debug|Any CPU.ActiveCfg = Debug|Any CPU
		{6477F5BA-82E0-4919-BDDF-60CD897F3E62}.Debug|Any CPU.Build.0 = Debug|Any CPU
		{6477F5BA-82E0-4919-BDDF-60CD897F3E62}.Release|Any CPU.ActiveCfg = Release|Any CPU
		{6477F5BA-82E0-4919-BDDF-60CD897F3E62}.Release|Any CPU.Build.0 = Release|Any CPU
	EndGlobalSection
	GlobalSection(SolutionProperties) = preSolution
		HideSolutionNode = FALSE
	EndGlobalSection
	GlobalSection(ExtensibilityGlobals) = postSolution
		SolutionGuid = {088140A6-A627-4219-9E30-318B2D56054E}
	EndGlobalSection
EndGlobal
